
Microsoft Visual Studio Solution File, Format Version 12.00
# Visual Studio 15
VisualStudioVersion = 15.0.27428.2015
MinimumVisualStudioVersion = 10.0.40219.1
Project("{FAE04EC0-301F-11D3-BF4B-00C04F79EFBC}") = "TestAddin1", "TestAddin1\TestAddin1.csproj", "{F28B8321-EBDB-400F-8B3F-DBCB5D7344C2}"
EndProject
Project("{FAE04EC0-301F-11D3-BF4B-00C04F79EFBC}") = "Vass.Intranet.Branding", "Vass.Intranet.Branding\Vass.Intranet.Branding.csproj", "{DE13DCE5-EABE-4144-9AA9-926475638BBA}"
EndProject
Global
	GlobalSection(SolutionConfigurationPlatforms) = preSolution
		Debug|Any CPU = Debug|Any CPU
		Release|Any CPU = Release|Any CPU
	EndGlobalSection
	GlobalSection(ProjectConfigurationPlatforms) = postSolution
		{F28B8321-EBDB-400F-8B3F-DBCB5D7344C2}.Debug|Any CPU.ActiveCfg = Debug|Any CPU
		{F28B8321-EBDB-400F-8B3F-DBCB5D7344C2}.Debug|Any CPU.Build.0 = Debug|Any CPU
		{F28B8321-EBDB-400F-8B3F-DBCB5D7344C2}.Debug|Any CPU.Deploy.0 = Debug|Any CPU
		{F28B8321-EBDB-400F-8B3F-DBCB5D7344C2}.Release|Any CPU.ActiveCfg = Release|Any CPU
		{F28B8321-EBDB-400F-8B3F-DBCB5D7344C2}.Release|Any CPU.Build.0 = Release|Any CPU
		{F28B8321-EBDB-400F-8B3F-DBCB5D7344C2}.Release|Any CPU.Deploy.0 = Release|Any CPU
		{DE13DCE5-EABE-4144-9AA9-926475638BBA}.Debug|Any CPU.ActiveCfg = Debug|Any CPU
		{DE13DCE5-EABE-4144-9AA9-926475638BBA}.Debug|Any CPU.Build.0 = Debug|Any CPU
		{DE13DCE5-EABE-4144-9AA9-926475638BBA}.Release|Any CPU.ActiveCfg = Release|Any CPU
		{DE13DCE5-EABE-4144-9AA9-926475638BBA}.Release|Any CPU.Build.0 = Release|Any CPU
	EndGlobalSection
	GlobalSection(SolutionProperties) = preSolution
		HideSolutionNode = FALSE
	EndGlobalSection
	GlobalSection(ExtensibilityGlobals) = postSolution
		SolutionGuid = {9156E4D7-2480-49B3-8C81-411EC1E860C4}
	EndGlobalSection
EndGlobal
