
Microsoft Visual Studio Solution File, Format Version 12.00
# Visual Studio 15
VisualStudioVersion = 15.0.27428.2015
MinimumVisualStudioVersion = 10.0.40219.1
Project("{9A19103F-16F7-4668-BE54-9A1E7A4F7556}") = "Vass.Intranet.Branding", "Vass.Intranet.Branding\Vass.Intranet.Branding.csproj", "{DE13DCE5-EABE-4144-9AA9-926475638BBA}"
EndProject
Project("{FAE04EC0-301F-11D3-BF4B-00C04F79EFBC}") = "NewTeam", "NewTeam\NewTeam.csproj", "{77E3C4D7-A215-4DCE-9942-1B5CD6683EAF}"
EndProject
Project("{FAE04EC0-301F-11D3-BF4B-00C04F79EFBC}") = "Maqueta", "Maqueta\Maqueta.csproj", "{D1D81702-2496-4270-8204-09A8BEB8BD16}"
EndProject
Project("{FAE04EC0-301F-11D3-BF4B-00C04F79EFBC}") = "Migracion", "Migracion\Migracion.csproj", "{CD0D5E8C-0BD7-4597-9B37-0252132852DB}"
EndProject
Project("{FAE04EC0-301F-11D3-BF4B-00C04F79EFBC}") = "Tools", "Tools\Tools.csproj", "{416AE5D0-4C4D-46B5-AFCA-EF4B8D2E6C18}"
EndProject
Project("{FAE04EC0-301F-11D3-BF4B-00C04F79EFBC}") = "AjustesOffering", "AjustesOffering\AjustesOffering.csproj", "{9EE53AFE-73E0-4ED6-AEC0-F1701A3C5B4F}"
EndProject
Project("{FAE04EC0-301F-11D3-BF4B-00C04F79EFBC}") = "FormacionIntranet", "FormacionIntranet\FormacionIntranet.csproj", "{394C2E18-4EDC-4A18-89F7-58AD213F2D43}"
EndProject
Project("{FAE04EC0-301F-11D3-BF4B-00C04F79EFBC}") = "GamificacionIntranet", "GamificacionIntranet\GamificacionIntranet.csproj", "{100779F4-EFB9-4DB4-9790-A20BD1ECABF0}"
EndProject
Global
	GlobalSection(SolutionConfigurationPlatforms) = preSolution
		Debug|Any CPU = Debug|Any CPU
		Release|Any CPU = Release|Any CPU
	EndGlobalSection
	GlobalSection(ProjectConfigurationPlatforms) = postSolution
		{DE13DCE5-EABE-4144-9AA9-926475638BBA}.Debug|Any CPU.ActiveCfg = Debug|Any CPU
		{DE13DCE5-EABE-4144-9AA9-926475638BBA}.Debug|Any CPU.Build.0 = Debug|Any CPU
		{DE13DCE5-EABE-4144-9AA9-926475638BBA}.Release|Any CPU.ActiveCfg = Release|Any CPU
		{DE13DCE5-EABE-4144-9AA9-926475638BBA}.Release|Any CPU.Build.0 = Release|Any CPU
		{77E3C4D7-A215-4DCE-9942-1B5CD6683EAF}.Debug|Any CPU.ActiveCfg = Debug|Any CPU
		{77E3C4D7-A215-4DCE-9942-1B5CD6683EAF}.Debug|Any CPU.Build.0 = Debug|Any CPU
		{77E3C4D7-A215-4DCE-9942-1B5CD6683EAF}.Debug|Any CPU.Deploy.0 = Debug|Any CPU
		{77E3C4D7-A215-4DCE-9942-1B5CD6683EAF}.Release|Any CPU.ActiveCfg = Release|Any CPU
		{77E3C4D7-A215-4DCE-9942-1B5CD6683EAF}.Release|Any CPU.Build.0 = Release|Any CPU
		{77E3C4D7-A215-4DCE-9942-1B5CD6683EAF}.Release|Any CPU.Deploy.0 = Release|Any CPU
		{D1D81702-2496-4270-8204-09A8BEB8BD16}.Debug|Any CPU.ActiveCfg = Debug|Any CPU
		{D1D81702-2496-4270-8204-09A8BEB8BD16}.Debug|Any CPU.Build.0 = Debug|Any CPU
		{D1D81702-2496-4270-8204-09A8BEB8BD16}.Release|Any CPU.ActiveCfg = Release|Any CPU
		{D1D81702-2496-4270-8204-09A8BEB8BD16}.Release|Any CPU.Build.0 = Release|Any CPU
		{CD0D5E8C-0BD7-4597-9B37-0252132852DB}.Debug|Any CPU.ActiveCfg = Debug|Any CPU
		{CD0D5E8C-0BD7-4597-9B37-0252132852DB}.Debug|Any CPU.Build.0 = Debug|Any CPU
		{CD0D5E8C-0BD7-4597-9B37-0252132852DB}.Release|Any CPU.ActiveCfg = Release|Any CPU
		{CD0D5E8C-0BD7-4597-9B37-0252132852DB}.Release|Any CPU.Build.0 = Release|Any CPU
		{416AE5D0-4C4D-46B5-AFCA-EF4B8D2E6C18}.Debug|Any CPU.ActiveCfg = Debug|Any CPU
		{416AE5D0-4C4D-46B5-AFCA-EF4B8D2E6C18}.Debug|Any CPU.Build.0 = Debug|Any CPU
		{416AE5D0-4C4D-46B5-AFCA-EF4B8D2E6C18}.Release|Any CPU.ActiveCfg = Release|Any CPU
		{416AE5D0-4C4D-46B5-AFCA-EF4B8D2E6C18}.Release|Any CPU.Build.0 = Release|Any CPU
		{9EE53AFE-73E0-4ED6-AEC0-F1701A3C5B4F}.Debug|Any CPU.ActiveCfg = Debug|Any CPU
		{9EE53AFE-73E0-4ED6-AEC0-F1701A3C5B4F}.Debug|Any CPU.Build.0 = Debug|Any CPU
		{9EE53AFE-73E0-4ED6-AEC0-F1701A3C5B4F}.Release|Any CPU.ActiveCfg = Release|Any CPU
		{9EE53AFE-73E0-4ED6-AEC0-F1701A3C5B4F}.Release|Any CPU.Build.0 = Release|Any CPU
		{394C2E18-4EDC-4A18-89F7-58AD213F2D43}.Debug|Any CPU.ActiveCfg = Debug|Any CPU
		{394C2E18-4EDC-4A18-89F7-58AD213F2D43}.Debug|Any CPU.Build.0 = Debug|Any CPU
		{394C2E18-4EDC-4A18-89F7-58AD213F2D43}.Release|Any CPU.ActiveCfg = Release|Any CPU
		{394C2E18-4EDC-4A18-89F7-58AD213F2D43}.Release|Any CPU.Build.0 = Release|Any CPU
		{100779F4-EFB9-4DB4-9790-A20BD1ECABF0}.Debug|Any CPU.ActiveCfg = Debug|Any CPU
		{100779F4-EFB9-4DB4-9790-A20BD1ECABF0}.Debug|Any CPU.Build.0 = Debug|Any CPU
		{100779F4-EFB9-4DB4-9790-A20BD1ECABF0}.Release|Any CPU.ActiveCfg = Release|Any CPU
		{100779F4-EFB9-4DB4-9790-A20BD1ECABF0}.Release|Any CPU.Build.0 = Release|Any CPU
	EndGlobalSection
	GlobalSection(SolutionProperties) = preSolution
		HideSolutionNode = FALSE
	EndGlobalSection
	GlobalSection(ExtensibilityGlobals) = postSolution
		SolutionGuid = {9156E4D7-2480-49B3-8C81-411EC1E860C4}
	EndGlobalSection
EndGlobal
